
Microsoft Visual Studio Solution File, Format Version 12.00
# Visual Studio Version 17
VisualStudioVersion = 17.14.36518.9
MinimumVisualStudioVersion = 10.0.40219.1
Project("{2150E333-8FDC-42A3-9474-1A3956D46DE8}") = "Task0", "Task0", "{02EA681E-C7D8-13C7-8484-4AC65E1B71E8}"
EndProject
Project("{2150E333-8FDC-42A3-9474-1A3956D46DE8}") = "Task1", "Task1", "{6DBCC177-F44D-497E-893C-EE27F6F4EA9C}"
EndProject
Project("{2150E333-8FDC-42A3-9474-1A3956D46DE8}") = "Task2", "Task2", "{47918A4D-519D-412B-BD05-2D42AF5C7FD9}"
EndProject
Project("{2150E333-8FDC-42A3-9474-1A3956D46DE8}") = "Task3", "Task3", "{E74DB8DE-C88D-4B72-93B2-B8B4783AE34C}"
EndProject
Project("{2150E333-8FDC-42A3-9474-1A3956D46DE8}") = "Task4", "Task4", "{799E8D94-5825-4DCC-90C9-3973A7DBA396}"
EndProject
Project("{2150E333-8FDC-42A3-9474-1A3956D46DE8}") = "Task5", "Task5", "{CDC2C637-C489-4A49-BA0C-621CC1FF60F5}"
EndProject
Project("{2150E333-8FDC-42A3-9474-1A3956D46DE8}") = "Task6", "Task6", "{56C84189-3224-4989-93BB-55C33D0D07F1}"
EndProject
Project("{FAE04EC0-301F-11D3-BF4B-00C04F79EFBC}") = "Tyuiu.KhisamutdinovaPR.Sprint5.Task0.V26", "Tyuiu.KhisamutdinovaPR.Sprint5.Task0.V26\Tyuiu.KhisamutdinovaPR.Sprint5.Task0.V26.csproj", "{DE0A859A-DB75-4F88-A61F-8267D8265AEE}"
EndProject
Project("{FAE04EC0-301F-11D3-BF4B-00C04F79EFBC}") = "Tyuiu.KhisamutdinovaPR.Sprint5.Task0.V26.Lib", "Tyuiu.KhisamutdinovaPR.Sprint5.Task0.V26.Lib\Tyuiu.KhisamutdinovaPR.Sprint5.Task0.V26.Lib.csproj", "{EDC321C0-ED23-45D2-921F-8BD5592E993B}"
EndProject
Project("{FAE04EC0-301F-11D3-BF4B-00C04F79EFBC}") = "Tyuiu.KhisamutdinovaPR.Sprint5.Task0.V26.Test", "Tyuiu.KhisamutdinovaPR.Sprint5.Task0.V26.Test\Tyuiu.KhisamutdinovaPR.Sprint5.Task0.V26.Test.csproj", "{C4B38F06-8882-44FA-92C7-04BF96F2D0EA}"
EndProject
Project("{FAE04EC0-301F-11D3-BF4B-00C04F79EFBC}") = "Tyuiu.KhisamutdinovaPR.Sprint5.Task1.V10", "Tyuiu.KhisamutdinovaPR.Sprint5.Task1.V10\Tyuiu.KhisamutdinovaPR.Sprint5.Task1.V10.csproj", "{09551097-6ACF-48CF-A66E-706812E442AD}"
EndProject
Project("{FAE04EC0-301F-11D3-BF4B-00C04F79EFBC}") = "Tyuiu.KhisamutdinovaPR.Sprint5.Task1.V10.Test", "Tyuiu.KhisamutdinovaPR.Sprint5.Task1.V10.Test\Tyuiu.KhisamutdinovaPR.Sprint5.Task1.V10.Test.csproj", "{9520B8A7-75D5-4F96-B52B-696CC3A1B754}"
EndProject
Project("{FAE04EC0-301F-11D3-BF4B-00C04F79EFBC}") = "Tyuiu.KhisamutdinovaPR.Sprint5.Task1.V10.Lib", "Tyuiu.KhisamutdinovaPR.Sprint5.Task1.V10.Lib\Tyuiu.KhisamutdinovaPR.Sprint5.Task1.V10.Lib.csproj", "{6A41B849-B79D-427A-9A4A-3E267B111F7A}"
EndProject
Project("{FAE04EC0-301F-11D3-BF4B-00C04F79EFBC}") = "Tyuiu.KhisamutdinovaPR.Sprint5.Task2.V13", "Tyuiu.KhisamutdinovaPR.Sprint5.Task2.V13\Tyuiu.KhisamutdinovaPR.Sprint5.Task2.V13.csproj", "{8ADB59CD-DEEC-4FE4-BDA3-4065816A8461}"
EndProject
Project("{FAE04EC0-301F-11D3-BF4B-00C04F79EFBC}") = "Tyuiu.KhisamutdinovaPR.Sprint5.Task2.V13.Test", "Tyuiu.KhisamutdinovaPR.Sprint5.Task2.V13.Test\Tyuiu.KhisamutdinovaPR.Sprint5.Task2.V13.Test.csproj", "{66AE65D3-806E-451C-B1A3-F807B246FE48}"
EndProject
Project("{FAE04EC0-301F-11D3-BF4B-00C04F79EFBC}") = "Tyuiu.KhisamutdinovaPR.Sprint5.Task2.V13.Lib", "Tyuiu.KhisamutdinovaPR.Sprint5.Task2.V13.Lib\Tyuiu.KhisamutdinovaPR.Sprint5.Task2.V13.Lib.csproj", "{C810C82F-4E23-415C-93BE-19FB99D5E14C}"
EndProject
Project("{FAE04EC0-301F-11D3-BF4B-00C04F79EFBC}") = "Tyuiu.KhisamutdinovaPR.Sprint5.Task3.V30", "Tyuiu.KhisamutdinovaPR.Sprint5.Task3.V30\Tyuiu.KhisamutdinovaPR.Sprint5.Task3.V30.csproj", "{2337FA96-DF7B-469E-A139-FD5D0C516F3C}"
EndProject
Project("{FAE04EC0-301F-11D3-BF4B-00C04F79EFBC}") = "Tyuiu.KhisamutdinovaPR.Sprint5.Task3.V30.Lib", "Tyuiu.KhisamutdinovaPR.Sprint5.Task3.V30.Lib\Tyuiu.KhisamutdinovaPR.Sprint5.Task3.V30.Lib.csproj", "{144ADD89-42EE-483F-B72F-0CCCFA19F679}"
EndProject
Project("{FAE04EC0-301F-11D3-BF4B-00C04F79EFBC}") = "Tyuiu.KhisamutdinovaPR.Sprint5.Task3.V30.Test", "Tyuiu.KhisamutdinovaPR.Sprint5.Task3.V30.Test\Tyuiu.KhisamutdinovaPR.Sprint5.Task3.V30.Test.csproj", "{141EE70F-255A-44ED-B459-AA272F6D5081}"
EndProject
Project("{FAE04EC0-301F-11D3-BF4B-00C04F79EFBC}") = "Tyuiu.KhisamutdinovaPR.Sprint5.Task4.V21", "Tyuiu.KhisamutdinovaPR.Sprint5.Task4.V21\Tyuiu.KhisamutdinovaPR.Sprint5.Task4.V21.csproj", "{2B1726E3-748C-4572-B680-CB7E81C370E5}"
EndProject
Project("{FAE04EC0-301F-11D3-BF4B-00C04F79EFBC}") = "Tyuiu.KhisamutdinovaPR.Sprint5.Task4.V21.Test", "Tyuiu.KhisamutdinovaPR.Sprint5.Task4.V21.Test\Tyuiu.KhisamutdinovaPR.Sprint5.Task4.V21.Test.csproj", "{3BCACA76-DFD8-4B5B-A0EF-5E1689F202E0}"
EndProject
Project("{FAE04EC0-301F-11D3-BF4B-00C04F79EFBC}") = "Tyuiu.KhisamutdinovaPR.Sprint5.Task4.V21.Lib", "Tyuiu.KhisamutdinovaPR.Sprint5.Task4.V21.Lib\Tyuiu.KhisamutdinovaPR.Sprint5.Task4.V21.Lib.csproj", "{F9B7C7E5-3DF5-4AB0-A023-AA7426DA2E14}"
EndProject
Project("{FAE04EC0-301F-11D3-BF4B-00C04F79EFBC}") = "Tyuiu.KhisamutdinovaPR.Sprint5.Task5.V14", "Tyuiu.KhisamutdinovaPR.Sprint5.Task5.V14\Tyuiu.KhisamutdinovaPR.Sprint5.Task5.V14.csproj", "{F8EAB011-4B67-4D00-93D4-14BC98A6EC26}"
EndProject
Project("{FAE04EC0-301F-11D3-BF4B-00C04F79EFBC}") = "Tyuiu.KhisamutdinovaPR.Sprint5.Task5.V14.Lib", "Tyuiu.KhisamutdinovaPR.Sprint5.Task5.V14.Lib\Tyuiu.KhisamutdinovaPR.Sprint5.Task5.V14.Lib.csproj", "{D064DB74-F7B4-4AD4-8207-381CE579565D}"
EndProject
Project("{FAE04EC0-301F-11D3-BF4B-00C04F79EFBC}") = "Tyuiu.KhisamutdinovaPR.Sprint5.Task5.V14.Test", "Tyuiu.KhisamutdinovaPR.Sprint5.Task5.V14.Test\Tyuiu.KhisamutdinovaPR.Sprint5.Task5.V14.Test.csproj", "{4B13EF46-DD4E-4911-AD85-67D8B1EF9197}"
EndProject
Project("{FAE04EC0-301F-11D3-BF4B-00C04F79EFBC}") = "Tyuiu.KhisamutdinovaPR.Sprint5.Task6.V21", "Tyuiu.KhisamutdinovaPR.Sprint5.Task6.V21\Tyuiu.KhisamutdinovaPR.Sprint5.Task6.V21.csproj", "{738EE189-83B7-41F2-A000-3CA8E2B577B8}"
EndProject
Project("{FAE04EC0-301F-11D3-BF4B-00C04F79EFBC}") = "Tyuiu.KhisamutdinovaPR.Sprint5.Task6.V21.Test", "Tyuiu.KhisamutdinovaPR.Sprint5.Task6.V21.Test\Tyuiu.KhisamutdinovaPR.Sprint5.Task6.V21.Test.csproj", "{5CA69B70-D7C2-4664-9A73-8DA26104C31A}"
EndProject
Project("{FAE04EC0-301F-11D3-BF4B-00C04F79EFBC}") = "Tyuiu.KhisamutdinovaPR.Sprint5.Task6.V21.Lib", "Tyuiu.KhisamutdinovaPR.Sprint5.Task6.V21.Lib\Tyuiu.KhisamutdinovaPR.Sprint5.Task6.V21.Lib.csproj", "{233199B2-BD33-4C2A-9DC9-9EA417075D36}"
EndProject
Project("{2150E333-8FDC-42A3-9474-1A3956D46DE8}") = "Task7", "Task7", "{BD0EEFCF-2E31-44FF-92C7-8ECFFBDFA07D}"
EndProject
Project("{FAE04EC0-301F-11D3-BF4B-00C04F79EFBC}") = "Tyuiu.KhisamutdinovaPR.Sprint5.Task7.V30", "Tyuiu.KhisamutdinovaPR.Sprint5.Task7.V30\Tyuiu.KhisamutdinovaPR.Sprint5.Task7.V30.csproj", "{D65DB130-D3D5-4F66-8272-F5C16CB7C73D}"
EndProject
Project("{FAE04EC0-301F-11D3-BF4B-00C04F79EFBC}") = "Tyuiu.KhisamutdinovaPR.Sprint5.Task7.V30.Lib", "Tyuiu.KhisamutdinovaPR.Sprint5.Task7.V30.Lib\Tyuiu.KhisamutdinovaPR.Sprint5.Task7.V30.Lib.csproj", "{4F4967BA-787C-4A29-8ED3-45A95EA355D7}"
EndProject
Project("{FAE04EC0-301F-11D3-BF4B-00C04F79EFBC}") = "Tyuiu.KhisamutdinovaPR.Sprint5.Task7.V30.Test", "Tyuiu.KhisamutdinovaPR.Sprint5.Task7.V30.Test\Tyuiu.KhisamutdinovaPR.Sprint5.Task7.V30.Test.csproj", "{F4B6B60C-3FCD-4FFA-883E-1BC7F947F548}"
EndProject
Global
	GlobalSection(SolutionConfigurationPlatforms) = preSolution
		Debug|Any CPU = Debug|Any CPU
		Release|Any CPU = Release|Any CPU
	EndGlobalSection
	GlobalSection(ProjectConfigurationPlatforms) = postSolution
		{DE0A859A-DB75-4F88-A61F-8267D8265AEE}.Debug|Any CPU.ActiveCfg = Debug|Any CPU
		{DE0A859A-DB75-4F88-A61F-8267D8265AEE}.Debug|Any CPU.Build.0 = Debug|Any CPU
		{DE0A859A-DB75-4F88-A61F-8267D8265AEE}.Release|Any CPU.ActiveCfg = Release|Any CPU
		{DE0A859A-DB75-4F88-A61F-8267D8265AEE}.Release|Any CPU.Build.0 = Release|Any CPU
		{EDC321C0-ED23-45D2-921F-8BD5592E993B}.Debug|Any CPU.ActiveCfg = Debug|Any CPU
		{EDC321C0-ED23-45D2-921F-8BD5592E993B}.Debug|Any CPU.Build.0 = Debug|Any CPU
		{EDC321C0-ED23-45D2-921F-8BD5592E993B}.Release|Any CPU.ActiveCfg = Release|Any CPU
		{EDC321C0-ED23-45D2-921F-8BD5592E993B}.Release|Any CPU.Build.0 = Release|Any CPU
		{C4B38F06-8882-44FA-92C7-04BF96F2D0EA}.Debug|Any CPU.ActiveCfg = Debug|Any CPU
		{C4B38F06-8882-44FA-92C7-04BF96F2D0EA}.Debug|Any CPU.Build.0 = Debug|Any CPU
		{C4B38F06-8882-44FA-92C7-04BF96F2D0EA}.Release|Any CPU.ActiveCfg = Release|Any CPU
		{C4B38F06-8882-44FA-92C7-04BF96F2D0EA}.Release|Any CPU.Build.0 = Release|Any CPU
		{09551097-6ACF-48CF-A66E-706812E442AD}.Debug|Any CPU.ActiveCfg = Debug|Any CPU
		{09551097-6ACF-48CF-A66E-706812E442AD}.Debug|Any CPU.Build.0 = Debug|Any CPU
		{09551097-6ACF-48CF-A66E-706812E442AD}.Release|Any CPU.ActiveCfg = Release|Any CPU
		{09551097-6ACF-48CF-A66E-706812E442AD}.Release|Any CPU.Build.0 = Release|Any CPU
		{9520B8A7-75D5-4F96-B52B-696CC3A1B754}.Debug|Any CPU.ActiveCfg = Debug|Any CPU
		{9520B8A7-75D5-4F96-B52B-696CC3A1B754}.Debug|Any CPU.Build.0 = Debug|Any CPU
		{9520B8A7-75D5-4F96-B52B-696CC3A1B754}.Release|Any CPU.ActiveCfg = Release|Any CPU
		{9520B8A7-75D5-4F96-B52B-696CC3A1B754}.Release|Any CPU.Build.0 = Release|Any CPU
		{6A41B849-B79D-427A-9A4A-3E267B111F7A}.Debug|Any CPU.ActiveCfg = Debug|Any CPU
		{6A41B849-B79D-427A-9A4A-3E267B111F7A}.Debug|Any CPU.Build.0 = Debug|Any CPU
		{6A41B849-B79D-427A-9A4A-3E267B111F7A}.Release|Any CPU.ActiveCfg = Release|Any CPU
		{6A41B849-B79D-427A-9A4A-3E267B111F7A}.Release|Any CPU.Build.0 = Release|Any CPU
		{8ADB59CD-DEEC-4FE4-BDA3-4065816A8461}.Debug|Any CPU.ActiveCfg = Debug|Any CPU
		{8ADB59CD-DEEC-4FE4-BDA3-4065816A8461}.Debug|Any CPU.Build.0 = Debug|Any CPU
		{8ADB59CD-DEEC-4FE4-BDA3-4065816A8461}.Release|Any CPU.ActiveCfg = Release|Any CPU
		{8ADB59CD-DEEC-4FE4-BDA3-4065816A8461}.Release|Any CPU.Build.0 = Release|Any CPU
		{66AE65D3-806E-451C-B1A3-F807B246FE48}.Debug|Any CPU.ActiveCfg = Debug|Any CPU
		{66AE65D3-806E-451C-B1A3-F807B246FE48}.Debug|Any CPU.Build.0 = Debug|Any CPU
		{66AE65D3-806E-451C-B1A3-F807B246FE48}.Release|Any CPU.ActiveCfg = Release|Any CPU
		{66AE65D3-806E-451C-B1A3-F807B246FE48}.Release|Any CPU.Build.0 = Release|Any CPU
		{C810C82F-4E23-415C-93BE-19FB99D5E14C}.Debug|Any CPU.ActiveCfg = Debug|Any CPU
		{C810C82F-4E23-415C-93BE-19FB99D5E14C}.Debug|Any CPU.Build.0 = Debug|Any CPU
		{C810C82F-4E23-415C-93BE-19FB99D5E14C}.Release|Any CPU.ActiveCfg = Release|Any CPU
		{C810C82F-4E23-415C-93BE-19FB99D5E14C}.Release|Any CPU.Build.0 = Release|Any CPU
		{2337FA96-DF7B-469E-A139-FD5D0C516F3C}.Debug|Any CPU.ActiveCfg = Debug|Any CPU
		{2337FA96-DF7B-469E-A139-FD5D0C516F3C}.Debug|Any CPU.Build.0 = Debug|Any CPU
		{2337FA96-DF7B-469E-A139-FD5D0C516F3C}.Release|Any CPU.ActiveCfg = Release|Any CPU
		{2337FA96-DF7B-469E-A139-FD5D0C516F3C}.Release|Any CPU.Build.0 = Release|Any CPU
		{144ADD89-42EE-483F-B72F-0CCCFA19F679}.Debug|Any CPU.ActiveCfg = Debug|Any CPU
		{144ADD89-42EE-483F-B72F-0CCCFA19F679}.Debug|Any CPU.Build.0 = Debug|Any CPU
		{144ADD89-42EE-483F-B72F-0CCCFA19F679}.Release|Any CPU.ActiveCfg = Release|Any CPU
		{144ADD89-42EE-483F-B72F-0CCCFA19F679}.Release|Any CPU.Build.0 = Release|Any CPU
		{141EE70F-255A-44ED-B459-AA272F6D5081}.Debug|Any CPU.ActiveCfg = Debug|Any CPU
		{141EE70F-255A-44ED-B459-AA272F6D5081}.Debug|Any CPU.Build.0 = Debug|Any CPU
		{141EE70F-255A-44ED-B459-AA272F6D5081}.Release|Any CPU.ActiveCfg = Release|Any CPU
		{141EE70F-255A-44ED-B459-AA272F6D5081}.Release|Any CPU.Build.0 = Release|Any CPU
		{2B1726E3-748C-4572-B680-CB7E81C370E5}.Debug|Any CPU.ActiveCfg = Debug|Any CPU
		{2B1726E3-748C-4572-B680-CB7E81C370E5}.Debug|Any CPU.Build.0 = Debug|Any CPU
		{2B1726E3-748C-4572-B680-CB7E81C370E5}.Release|Any CPU.ActiveCfg = Release|Any CPU
		{2B1726E3-748C-4572-B680-CB7E81C370E5}.Release|Any CPU.Build.0 = Release|Any CPU
		{3BCACA76-DFD8-4B5B-A0EF-5E1689F202E0}.Debug|Any CPU.ActiveCfg = Debug|Any CPU
		{3BCACA76-DFD8-4B5B-A0EF-5E1689F202E0}.Debug|Any CPU.Build.0 = Debug|Any CPU
		{3BCACA76-DFD8-4B5B-A0EF-5E1689F202E0}.Release|Any CPU.ActiveCfg = Release|Any CPU
		{3BCACA76-DFD8-4B5B-A0EF-5E1689F202E0}.Release|Any CPU.Build.0 = Release|Any CPU
		{F9B7C7E5-3DF5-4AB0-A023-AA7426DA2E14}.Debug|Any CPU.ActiveCfg = Debug|Any CPU
		{F9B7C7E5-3DF5-4AB0-A023-AA7426DA2E14}.Debug|Any CPU.Build.0 = Debug|Any CPU
		{F9B7C7E5-3DF5-4AB0-A023-AA7426DA2E14}.Release|Any CPU.ActiveCfg = Release|Any CPU
		{F9B7C7E5-3DF5-4AB0-A023-AA7426DA2E14}.Release|Any CPU.Build.0 = Release|Any CPU
		{F8EAB011-4B67-4D00-93D4-14BC98A6EC26}.Debug|Any CPU.ActiveCfg = Debug|Any CPU
		{F8EAB011-4B67-4D00-93D4-14BC98A6EC26}.Debug|Any CPU.Build.0 = Debug|Any CPU
		{F8EAB011-4B67-4D00-93D4-14BC98A6EC26}.Release|Any CPU.ActiveCfg = Release|Any CPU
		{F8EAB011-4B67-4D00-93D4-14BC98A6EC26}.Release|Any CPU.Build.0 = Release|Any CPU
		{D064DB74-F7B4-4AD4-8207-381CE579565D}.Debug|Any CPU.ActiveCfg = Debug|Any CPU
		{D064DB74-F7B4-4AD4-8207-381CE579565D}.Debug|Any CPU.Build.0 = Debug|Any CPU
		{D064DB74-F7B4-4AD4-8207-381CE579565D}.Release|Any CPU.ActiveCfg = Release|Any CPU
		{D064DB74-F7B4-4AD4-8207-381CE579565D}.Release|Any CPU.Build.0 = Release|Any CPU
		{4B13EF46-DD4E-4911-AD85-67D8B1EF9197}.Debug|Any CPU.ActiveCfg = Debug|Any CPU
		{4B13EF46-DD4E-4911-AD85-67D8B1EF9197}.Debug|Any CPU.Build.0 = Debug|Any CPU
		{4B13EF46-DD4E-4911-AD85-67D8B1EF9197}.Release|Any CPU.ActiveCfg = Release|Any CPU
		{4B13EF46-DD4E-4911-AD85-67D8B1EF9197}.Release|Any CPU.Build.0 = Release|Any CPU
		{738EE189-83B7-41F2-A000-3CA8E2B577B8}.Debug|Any CPU.ActiveCfg = Debug|Any CPU
		{738EE189-83B7-41F2-A000-3CA8E2B577B8}.Debug|Any CPU.Build.0 = Debug|Any CPU
		{738EE189-83B7-41F2-A000-3CA8E2B577B8}.Release|Any CPU.ActiveCfg = Release|Any CPU
		{738EE189-83B7-41F2-A000-3CA8E2B577B8}.Release|Any CPU.Build.0 = Release|Any CPU
		{5CA69B70-D7C2-4664-9A73-8DA26104C31A}.Debug|Any CPU.ActiveCfg = Debug|Any CPU
		{5CA69B70-D7C2-4664-9A73-8DA26104C31A}.Debug|Any CPU.Build.0 = Debug|Any CPU
		{5CA69B70-D7C2-4664-9A73-8DA26104C31A}.Release|Any CPU.ActiveCfg = Release|Any CPU
		{5CA69B70-D7C2-4664-9A73-8DA26104C31A}.Release|Any CPU.Build.0 = Release|Any CPU
		{233199B2-BD33-4C2A-9DC9-9EA417075D36}.Debug|Any CPU.ActiveCfg = Debug|Any CPU
		{233199B2-BD33-4C2A-9DC9-9EA417075D36}.Debug|Any CPU.Build.0 = Debug|Any CPU
		{233199B2-BD33-4C2A-9DC9-9EA417075D36}.Release|Any CPU.ActiveCfg = Release|Any CPU
		{233199B2-BD33-4C2A-9DC9-9EA417075D36}.Release|Any CPU.Build.0 = Release|Any CPU
		{D65DB130-D3D5-4F66-8272-F5C16CB7C73D}.Debug|Any CPU.ActiveCfg = Debug|Any CPU
		{D65DB130-D3D5-4F66-8272-F5C16CB7C73D}.Debug|Any CPU.Build.0 = Debug|Any CPU
		{D65DB130-D3D5-4F66-8272-F5C16CB7C73D}.Release|Any CPU.ActiveCfg = Release|Any CPU
		{D65DB130-D3D5-4F66-8272-F5C16CB7C73D}.Release|Any CPU.Build.0 = Release|Any CPU
		{4F4967BA-787C-4A29-8ED3-45A95EA355D7}.Debug|Any CPU.ActiveCfg = Debug|Any CPU
		{4F4967BA-787C-4A29-8ED3-45A95EA355D7}.Debug|Any CPU.Build.0 = Debug|Any CPU
		{4F4967BA-787C-4A29-8ED3-45A95EA355D7}.Release|Any CPU.ActiveCfg = Release|Any CPU
		{4F4967BA-787C-4A29-8ED3-45A95EA355D7}.Release|Any CPU.Build.0 = Release|Any CPU
		{F4B6B60C-3FCD-4FFA-883E-1BC7F947F548}.Debug|Any CPU.ActiveCfg = Debug|Any CPU
		{F4B6B60C-3FCD-4FFA-883E-1BC7F947F548}.Debug|Any CPU.Build.0 = Debug|Any CPU
		{F4B6B60C-3FCD-4FFA-883E-1BC7F947F548}.Release|Any CPU.ActiveCfg = Release|Any CPU
		{F4B6B60C-3FCD-4FFA-883E-1BC7F947F548}.Release|Any CPU.Build.0 = Release|Any CPU
	EndGlobalSection
	GlobalSection(SolutionProperties) = preSolution
		HideSolutionNode = FALSE
	EndGlobalSection
	GlobalSection(NestedProjects) = preSolution
		{DE0A859A-DB75-4F88-A61F-8267D8265AEE} = {02EA681E-C7D8-13C7-8484-4AC65E1B71E8}
		{EDC321C0-ED23-45D2-921F-8BD5592E993B} = {02EA681E-C7D8-13C7-8484-4AC65E1B71E8}
		{C4B38F06-8882-44FA-92C7-04BF96F2D0EA} = {02EA681E-C7D8-13C7-8484-4AC65E1B71E8}
		{09551097-6ACF-48CF-A66E-706812E442AD} = {6DBCC177-F44D-497E-893C-EE27F6F4EA9C}
		{9520B8A7-75D5-4F96-B52B-696CC3A1B754} = {6DBCC177-F44D-497E-893C-EE27F6F4EA9C}
		{6A41B849-B79D-427A-9A4A-3E267B111F7A} = {6DBCC177-F44D-497E-893C-EE27F6F4EA9C}
		{8ADB59CD-DEEC-4FE4-BDA3-4065816A8461} = {47918A4D-519D-412B-BD05-2D42AF5C7FD9}
		{66AE65D3-806E-451C-B1A3-F807B246FE48} = {47918A4D-519D-412B-BD05-2D42AF5C7FD9}
		{C810C82F-4E23-415C-93BE-19FB99D5E14C} = {47918A4D-519D-412B-BD05-2D42AF5C7FD9}
		{2337FA96-DF7B-469E-A139-FD5D0C516F3C} = {E74DB8DE-C88D-4B72-93B2-B8B4783AE34C}
		{144ADD89-42EE-483F-B72F-0CCCFA19F679} = {E74DB8DE-C88D-4B72-93B2-B8B4783AE34C}
		{141EE70F-255A-44ED-B459-AA272F6D5081} = {E74DB8DE-C88D-4B72-93B2-B8B4783AE34C}
		{2B1726E3-748C-4572-B680-CB7E81C370E5} = {799E8D94-5825-4DCC-90C9-3973A7DBA396}
		{3BCACA76-DFD8-4B5B-A0EF-5E1689F202E0} = {799E8D94-5825-4DCC-90C9-3973A7DBA396}
		{F9B7C7E5-3DF5-4AB0-A023-AA7426DA2E14} = {799E8D94-5825-4DCC-90C9-3973A7DBA396}
		{F8EAB011-4B67-4D00-93D4-14BC98A6EC26} = {CDC2C637-C489-4A49-BA0C-621CC1FF60F5}
		{D064DB74-F7B4-4AD4-8207-381CE579565D} = {CDC2C637-C489-4A49-BA0C-621CC1FF60F5}
		{4B13EF46-DD4E-4911-AD85-67D8B1EF9197} = {CDC2C637-C489-4A49-BA0C-621CC1FF60F5}
		{738EE189-83B7-41F2-A000-3CA8E2B577B8} = {56C84189-3224-4989-93BB-55C33D0D07F1}
		{5CA69B70-D7C2-4664-9A73-8DA26104C31A} = {56C84189-3224-4989-93BB-55C33D0D07F1}
		{233199B2-BD33-4C2A-9DC9-9EA417075D36} = {56C84189-3224-4989-93BB-55C33D0D07F1}
		{D65DB130-D3D5-4F66-8272-F5C16CB7C73D} = {BD0EEFCF-2E31-44FF-92C7-8ECFFBDFA07D}
		{4F4967BA-787C-4A29-8ED3-45A95EA355D7} = {BD0EEFCF-2E31-44FF-92C7-8ECFFBDFA07D}
		{F4B6B60C-3FCD-4FFA-883E-1BC7F947F548} = {BD0EEFCF-2E31-44FF-92C7-8ECFFBDFA07D}
	EndGlobalSection
	GlobalSection(ExtensibilityGlobals) = postSolution
		SolutionGuid = {1DEED4CC-D1B6-497B-A87D-B4C92A65D199}
	EndGlobalSection
EndGlobal
